<?xml version="1.0" encoding="utf-8"?>
<Project ToolsVersion="4.0" xmlns="http://schemas.microsoft.com/developer/msbuild/2003">
  <ItemGroup>
    <ClCompile Include="Tp_Jeux_CPP01.cpp" />
    <ClCompile Include="Character.cpp">
      <Filter>Spawnables\Character</Filter>
    </ClCompile>
    <ClCompile Include="GameManager.cpp">
      <Filter>Core</Filter>
    </ClCompile>
    <ClCompile Include="GameMenu.cpp">
      <Filter>Core</Filter>
    </ClCompile>
    <ClCompile Include="Armour.cpp">
      <Filter>Equipement</Filter>
    </ClCompile>
    <ClCompile Include="Weapon.cpp">
      <Filter>Equipement</Filter>
    </ClCompile>
    <ClCompile Include="Map.cpp">
      <Filter>Core</Filter>
    </ClCompile>
    <ClCompile Include="GameObject.cpp">
      <Filter>Superclass</Filter>
    </ClCompile>
    <ClCompile Include="Utility.cpp">
      <Filter>Miscellanous</Filter>
    </ClCompile>
    <ClCompile Include="Skill.cpp">
      <Filter>Skills</Filter>
    </ClCompile>
    <ClCompile Include="Curve.cpp">
      <Filter>Miscellanous</Filter>
    </ClCompile>
    <ClCompile Include="Equipment.cpp">
      <Filter>Equipement</Filter>
    </ClCompile>
    <ClCompile Include="Class.cpp">
      <Filter>Class &amp; Race</Filter>
    </ClCompile>
    <ClCompile Include="OneHand.cpp">
      <Filter>Equipement\Weapon</Filter>
    </ClCompile>
    <ClCompile Include="Sword.cpp">
      <Filter>Equipement\Weapon</Filter>
    </ClCompile>
    <ClCompile Include="TwoHands.cpp">
      <Filter>Equipement\Weapon</Filter>
    </ClCompile>
    <ClCompile Include="Effect.cpp">
      <Filter>Skills</Filter>
    </ClCompile>
    <ClCompile Include="ChainmailArmour.cpp">
      <Filter>Equipement\Armour</Filter>
    </ClCompile>
    <ClCompile Include="ClothArmour.cpp">
      <Filter>Equipement\Armour</Filter>
    </ClCompile>
    <ClCompile Include="LeatherArmour.cpp">
      <Filter>Equipement\Armour</Filter>
    </ClCompile>
    <ClCompile Include="PlateArmour.cpp">
      <Filter>Equipement\Armour</Filter>
    </ClCompile>
    <ClCompile Include="CharacterCreator.cpp">
      <Filter>Core\Menus</Filter>
    </ClCompile>
    <ClCompile Include="SpawnableObject.cpp">
      <Filter>Spawnables</Filter>
    </ClCompile>
    <ClCompile Include="Behaviour.cpp">
      <Filter>Ai</Filter>
    </ClCompile>
    <ClCompile Include="Obstacle.cpp">
      <Filter>Spawnables\Obstacle</Filter>
    </ClCompile>
    <ClCompile Include="Terrain.cpp">
      <Filter>Spawnables\Terrain</Filter>
    </ClCompile>
    <ClCompile Include="AiCharacter.cpp">
      <Filter>Spawnables\Character\SubClasses</Filter>
    </ClCompile>
    <ClCompile Include="PlayerCharacter.cpp">
      <Filter>Spawnables\Character\SubClasses</Filter>
    </ClCompile>
    <ClCompile Include="Warrior.cpp">
      <Filter>Class &amp; Race\Class</Filter>
    </ClCompile>
    <ClCompile Include="Race.cpp">
      <Filter>Class &amp; Race</Filter>
    </ClCompile>
    <ClCompile Include="Ork.cpp">
      <Filter>Class &amp; Race\Race</Filter>
    </ClCompile>
    <ClCompile Include="Curves.cpp">
      <Filter>Miscellanous</Filter>
    </ClCompile>
    <ClCompile Include="GameInstance.cpp">
      <Filter>Core</Filter>
    </ClCompile>
  </ItemGroup>
  <ItemGroup>
    <ClInclude Include="Character.h">
      <Filter>Spawnables\Character</Filter>
    </ClInclude>
    <ClInclude Include="GameManager.h">
      <Filter>Core</Filter>
    </ClInclude>
    <ClInclude Include="GameMenu.h">
      <Filter>Core</Filter>
    </ClInclude>
    <ClInclude Include="Armour.h">
      <Filter>Equipement</Filter>
    </ClInclude>
    <ClInclude Include="Weapon.h">
      <Filter>Equipement</Filter>
    </ClInclude>
    <ClInclude Include="Map.h">
      <Filter>Core</Filter>
    </ClInclude>
    <ClInclude Include="GameObject.h">
      <Filter>Superclass</Filter>
    </ClInclude>
    <ClInclude Include="Utility.h">
      <Filter>Miscellanous</Filter>
    </ClInclude>
    <ClInclude Include="Skill.h">
      <Filter>Skills</Filter>
    </ClInclude>
    <ClInclude Include="Curve.h">
      <Filter>Miscellanous</Filter>
    </ClInclude>
    <ClInclude Include="Equipment.h">
      <Filter>Equipement</Filter>
    </ClInclude>
    <ClInclude Include="TwoHands.h">
      <Filter>Equipement\Weapon</Filter>
    </ClInclude>
    <ClInclude Include="OneHand.h">
      <Filter>Equipement\Weapon</Filter>
    </ClInclude>
    <ClInclude Include="Sword.h">
      <Filter>Equipement\Weapon</Filter>
    </ClInclude>
    <ClInclude Include="Effect.h">
      <Filter>Skills</Filter>
    </ClInclude>
    <ClInclude Include="ChainmailArmour.h">
      <Filter>Equipement\Armour</Filter>
    </ClInclude>
    <ClInclude Include="ClothArmour.h">
      <Filter>Equipement\Armour</Filter>
    </ClInclude>
    <ClInclude Include="LeatherArmour.h">
      <Filter>Equipement\Armour</Filter>
    </ClInclude>
    <ClInclude Include="PlateArmour.h">
      <Filter>Equipement\Armour</Filter>
    </ClInclude>
    <ClInclude Include="CharacterCreator.h">
      <Filter>Core\Menus</Filter>
    </ClInclude>
    <ClInclude Include="SpawnableObject.h">
      <Filter>Spawnables</Filter>
    </ClInclude>
    <ClInclude Include="Behaviour.h">
      <Filter>Ai</Filter>
    </ClInclude>
    <ClInclude Include="Obstacle.h">
      <Filter>Spawnables\Obstacle</Filter>
    </ClInclude>
    <ClInclude Include="Terrain.h">
      <Filter>Spawnables\Terrain</Filter>
    </ClInclude>
    <ClInclude Include="AiCharacter.h">
      <Filter>Spawnables\Character\SubClasses</Filter>
    </ClInclude>
    <ClInclude Include="PlayerCharacter.h">
      <Filter>Spawnables\Character\SubClasses</Filter>
    </ClInclude>
    <ClInclude Include="Warrior.h">
      <Filter>Class &amp; Race\Class</Filter>
    </ClInclude>
    <ClInclude Include="Race.h">
      <Filter>Class &amp; Race</Filter>
    </ClInclude>
    <ClInclude Include="Ork.h">
      <Filter>Class &amp; Race\Race</Filter>
    </ClInclude>
    <ClInclude Include="Curves.h">
      <Filter>Miscellanous</Filter>
    </ClInclude>
    <ClInclude Include="Chief.h">
      <Filter>Spawnables\Character\SubClasses</Filter>
    </ClInclude>
    <ClInclude Include="GameInstance.h">
      <Filter>Core</Filter>
    </ClInclude>
    <ClInclude Include="Class.h">
      <Filter>Class &amp; Race</Filter>
    </ClInclude>
  </ItemGroup>
  <ItemGroup>
    <Filter Include="Core">
      <UniqueIdentifier>{255fc859-e8e4-498a-9f4c-40a341b5b3aa}</UniqueIdentifier>
    </Filter>
    <Filter Include="Equipement">
      <UniqueIdentifier>{651e1108-22ae-405e-a360-8b31f55ea122}</UniqueIdentifier>
    </Filter>
    <Filter Include="Skills">
      <UniqueIdentifier>{3fb5eb58-7e95-4059-8cb8-e161988623e4}</UniqueIdentifier>
    </Filter>
    <Filter Include="Superclass">
      <UniqueIdentifier>{02dbcfb6-53cf-4551-8972-912a65865630}</UniqueIdentifier>
    </Filter>
    <Filter Include="Miscellanous">
      <UniqueIdentifier>{008753f1-6d4b-48a3-8beb-5a09888fba15}</UniqueIdentifier>
    </Filter>
    <Filter Include="Equipement\Armour">
      <UniqueIdentifier>{10a05a81-0099-4258-8484-6fec62a88d10}</UniqueIdentifier>
    </Filter>
    <Filter Include="Equipement\Weapon">
      <UniqueIdentifier>{2308f06f-7454-4b27-a340-49ca4ac2d2f4}</UniqueIdentifier>
    </Filter>
    <Filter Include="Core\Menus">
      <UniqueIdentifier>{6f683086-ff6a-4f7a-bfb3-3c1194425219}</UniqueIdentifier>
    </Filter>
    <Filter Include="Spawnables">
      <UniqueIdentifier>{6e835cc6-ddb2-4747-9bf1-f69645057a6a}</UniqueIdentifier>
    </Filter>
    <Filter Include="Spawnables\Character">
      <UniqueIdentifier>{2a684d56-108f-4d9d-9edb-6cd8bf163dcb}</UniqueIdentifier>
    </Filter>
    <Filter Include="Spawnables\Terrain">
      <UniqueIdentifier>{0d296bf3-9081-415b-9739-84dba8e2e9a3}</UniqueIdentifier>
    </Filter>
    <Filter Include="Spawnables\Obstacle">
      <UniqueIdentifier>{ba88b154-0911-47a6-a034-8568f359f6c0}</UniqueIdentifier>
    </Filter>
    <Filter Include="Ai">
      <UniqueIdentifier>{5113173d-40b5-4244-b6bc-b1ac6e565ad0}</UniqueIdentifier>
    </Filter>
    <Filter Include="Spawnables\Character\SubClasses">
      <UniqueIdentifier>{66c34664-668a-47e9-a234-514b221cec65}</UniqueIdentifier>
    </Filter>
    <Filter Include="Class &amp; Race">
      <UniqueIdentifier>{7836f34c-0896-41b7-a6db-0b4c5db47d4d}</UniqueIdentifier>
    </Filter>
    <Filter Include="Class &amp; Race\Class">
      <UniqueIdentifier>{f44c1bdc-c354-4677-b323-306d47a53584}</UniqueIdentifier>
    </Filter>
    <Filter Include="Class &amp; Race\Race">
      <UniqueIdentifier>{020fffac-8656-43ed-b3a6-d2995efc9266}</UniqueIdentifier>
    </Filter>
  </ItemGroup>
</Project>